Microsoft Visual Studio Solution File, Format Version 12.00
# Visual Studio Version 17
VisualStudioVersion = 17.14.35821.62
MinimumVisualStudioVersion = 10.0.40219.1
Project("{FAE04EC0-301F-11D3-BF4B-00C04F79EFBC}") = "Nyx", "Nyx\Nyx.csproj", "{A62795A6-FF39-4E22-809C-82EFEE493153}"
EndProject
Global
	GlobalSection(SolutionConfigurationPlatforms) = preSolution
		Debug|Any CPU = Debug|Any CPU
		Release|Any CPU = Release|Any CPU
	EndGlobalSection
	GlobalSection(ProjectConfigurationPlatforms) = postSolution
		{A62795A6-FF39-4E22-809C-82EFEE493153}.Debug|Any CPU.ActiveCfg = Debug|Any CPU
		{A62795A6-FF39-4E22-809C-82EFEE493153}.Debug|Any CPU.Build.0 = Debug|Any CPU
		{A62795A6-FF39-4E22-809C-82EFEE493153}.Release|Any CPU.ActiveCfg = Release|Any CPU
		{A62795A6-FF39-4E22-809C-82EFEE493153}.Release|Any CPU.Build.0 = Release|Any CPU
	EndGlobalSection
	GlobalSection(SolutionProperties) = preSolution
		HideSolutionNode = FALSE
	EndGlobalSection
	GlobalSection(ExtensibilityGlobals) = postSolution
		SolutionGuid = {B63DC5B1-276C-442A-ABAA-DA410AA34A86}
	EndGlobalSection
EndGlobal
